# This file is automatically @generated by Cargo.
# It is not intended for manual editing.
version = 3

[[package]]
name = "ariadne"
version = "0.1.3"
source = "registry+https://github.com/rust-lang/crates.io-index"
checksum = "7080ae01b2f0c312065d4914cd0f0de045eb8832e9415b355106a6cff3073cb4"
dependencies = [
 "yansi",
]

[[package]]
name = "bare-metal"
version = "1.0.0"
source = "registry+https://github.com/rust-lang/crates.io-index"
checksum = "f8fe8f5a8a398345e52358e18ff07cc17a568fbca5c6f73873d3a62056309603"

[[package]]
name = "bitfield"
version = "0.13.2"
source = "registry+https://github.com/rust-lang/crates.io-index"
checksum = "46afbd2983a5d5a7bd740ccb198caf5b82f45c40c09c0eed36052d91cb92e719"

[[package]]
name = "embedded-hal"
version = "0.2.6"
source = "registry+https://github.com/rust-lang/crates.io-index"
checksum = "e36cfb62ff156596c892272f3015ef952fe1525e85261fa3a7f327bd6b384ab9"
dependencies = [
 "nb 0.1.3",
 "void",
]

[[package]]
name = "esp-hal-common"
version = "0.1.0"
source = "git+https://github.com/bjoernQ/esp-hal?branch=esp32-local-pac#ec2570c67366414d959431228423c1f81ff2dffe"
dependencies = [
 "embedded-hal",
 "esp32-pac",
 "nb 1.0.0",
 "void",
 "xtensa-lx",
]

[[package]]
name = "esp32-hal"
version = "0.1.0"
source = "git+https://github.com/bjoernQ/esp-hal?branch=esp32-local-pac#ec2570c67366414d959431228423c1f81ff2dffe"
dependencies = [
 "bare-metal",
 "embedded-hal",
 "esp-hal-common",
 "nb 1.0.0",
 "void",
 "xtensa-lx",
 "xtensa-lx-rt 0.7.0 (git+https://github.com/esp-rs/xtensa-lx-rt/?branch=unify-xtensa-asm)",
]

[[package]]
name = "esp32-pac"
version = "0.1.0"
source = "git+https://github.com/bjoernQ/esp-hal?branch=esp32-local-pac#ec2570c67366414d959431228423c1f81ff2dffe"
dependencies = [
 "bare-metal",
 "vcell",
 "xtensa-lx",
 "xtensa-lx-rt 0.7.0 (registry+https://github.com/rust-lang/crates.io-index)",
]

[[package]]
name = "example"
version = "0.1.0"
dependencies = [
 "esp32-hal",
 "panic-halt",
 "ulp_macro",
 "xtensa-lx-rt 0.7.0 (git+https://github.com/esp-rs/xtensa-lx-rt/?branch=unify-xtensa-asm)",
]

[[package]]
name = "litrs"
version = "0.2.3"
source = "registry+https://github.com/rust-lang/crates.io-index"
checksum = "f9275e0933cf8bb20f008924c0cb07a0692fe54d8064996520bf998de9eb79aa"
dependencies = [
 "proc-macro2",
]

[[package]]
name = "lock_api"
version = "0.4.5"
source = "registry+https://github.com/rust-lang/crates.io-index"
checksum = "712a4d093c9976e24e7dbca41db895dabcbac38eb5f4045393d17a95bdfb1109"
dependencies = [
 "scopeguard",
]

[[package]]
name = "mutex-trait"
version = "0.2.0"
source = "registry+https://github.com/rust-lang/crates.io-index"
checksum = "b4bb1638d419e12f8b1c43d9e639abd0d1424285bdea2f76aa231e233c63cd3a"

[[package]]
name = "nb"
version = "0.1.3"
source = "registry+https://github.com/rust-lang/crates.io-index"
checksum = "801d31da0513b6ec5214e9bf433a77966320625a37860f910be265be6e18d06f"
dependencies = [
 "nb 1.0.0",
]

[[package]]
name = "nb"
version = "1.0.0"
source = "registry+https://github.com/rust-lang/crates.io-index"
checksum = "546c37ac5d9e56f55e73b677106873d9d9f5190605e41a856503623648488cae"

[[package]]
name = "panic-halt"
version = "0.2.0"
source = "registry+https://github.com/rust-lang/crates.io-index"
checksum = "de96540e0ebde571dc55c73d60ef407c653844e6f9a1e2fdbd40c07b9252d812"

[[package]]
name = "peg"
version = "0.7.0"
source = "registry+https://github.com/rust-lang/crates.io-index"
checksum = "07c0b841ea54f523f7aa556956fbd293bcbe06f2e67d2eb732b7278aaf1d166a"
dependencies = [
 "peg-macros",
 "peg-runtime",
]

[[package]]
name = "peg-macros"
version = "0.7.0"
source = "registry+https://github.com/rust-lang/crates.io-index"
checksum = "b5aa52829b8decbef693af90202711348ab001456803ba2a98eb4ec8fb70844c"
dependencies = [
 "peg-runtime",
 "proc-macro2",
 "quote",
]

[[package]]
name = "peg-runtime"
version = "0.7.0"
source = "registry+https://github.com/rust-lang/crates.io-index"
checksum = "c719dcf55f09a3a7e764c6649ab594c18a177e3599c467983cdf644bfc0a4088"

[[package]]
name = "proc-macro2"
version = "1.0.34"
source = "registry+https://github.com/rust-lang/crates.io-index"
checksum = "2f84e92c0f7c9d58328b85a78557813e4bd845130db68d7184635344399423b1"
dependencies = [
 "unicode-xid",
]

[[package]]
name = "quote"
version = "1.0.10"
source = "registry+https://github.com/rust-lang/crates.io-index"
checksum = "38bc8cc6a5f2e3655e0899c1b848643b2562f853f114bfec7be120678e3ace05"
dependencies = [
 "proc-macro2",
]

[[package]]
name = "r0"
version = "1.0.0"
source = "registry+https://github.com/rust-lang/crates.io-index"
checksum = "bd7a31eed1591dcbc95d92ad7161908e72f4677f8fabf2a32ca49b4237cbf211"

[[package]]
name = "scopeguard"
version = "1.1.0"
source = "registry+https://github.com/rust-lang/crates.io-index"
checksum = "d29ab0c6d3fc0ee92fe66e2d99f700eab17a8d57d1c1d3b748380fb20baa78cd"

[[package]]
name = "spin"
version = "0.9.2"
source = "registry+https://github.com/rust-lang/crates.io-index"
checksum = "511254be0c5bcf062b019a6c89c01a664aa359ded62f78aa72c6fc137c0590e5"
dependencies = [
 "lock_api",
]

[[package]]
name = "syn"
version = "1.0.82"
source = "registry+https://github.com/rust-lang/crates.io-index"
checksum = "8daf5dd0bb60cbd4137b1b587d2fc0ae729bc07cf01cd70b36a1ed5ade3b9d59"
dependencies = [
 "proc-macro2",
 "quote",
 "unicode-xid",
]

[[package]]
name = "ulp"
version = "0.1.0"
dependencies = [
 "ulp_macro",
]

[[package]]
name = "ulp_macro"
version = "0.1.0"
dependencies = [
 "ariadne",
 "bitfield",
 "litrs",
 "peg",
 "proc-macro2",
 "quote",
]

[[package]]
name = "unicode-xid"
version = "0.2.2"
source = "registry+https://github.com/rust-lang/crates.io-index"
checksum = "8ccb82d61f80a663efe1f787a51b16b5a51e3314d6ac365b08639f52387b33f3"

[[package]]
name = "vcell"
version = "0.1.3"
source = "registry+https://github.com/rust-lang/crates.io-index"
checksum = "77439c1b53d2303b20d9459b1ade71a83c716e3f9c34f3228c00e6f185d6c002"

[[package]]
name = "void"
version = "1.0.2"
source = "registry+https://github.com/rust-lang/crates.io-index"
checksum = "6a02e4885ed3bc0f2de90ea6dd45ebcbb66dacffe03547fadbb0eeae2770887d"

[[package]]
name = "xtensa-lx"
version = "0.4.0"
source = "registry+https://github.com/rust-lang/crates.io-index"
checksum = "bb8c07b753b1711deb84033ba74274336117400c7e0f14e454cfeecb7303274f"
dependencies = [
 "bare-metal",
 "mutex-trait",
 "r0",
 "spin",
]

[[package]]
name = "xtensa-lx-rt"
version = "0.7.0"
source = "registry+https://github.com/rust-lang/crates.io-index"
checksum = "158560f495a7d707880b79984e05d3c8f0b5736d3206d27b45c58a5aaf9813b7"
dependencies = [
 "bare-metal",
 "r0",
 "xtensa-lx-rt-proc-macros 0.1.0 (registry+https://github.com/rust-lang/crates.io-index)",
]

[[package]]
name = "xtensa-lx-rt"
version = "0.7.0"
source = "git+https://github.com/esp-rs/xtensa-lx-rt/?branch=unify-xtensa-asm#290c831cbf569a0c8bb5e0174ef8f14c8dcc0878"
dependencies = [
 "bare-metal",
 "r0",
 "xtensa-lx-rt-proc-macros 0.1.0 (git+https://github.com/esp-rs/xtensa-lx-rt/?branch=unify-xtensa-asm)",
]

[[package]]
name = "xtensa-lx-rt-proc-macros"
version = "0.1.0"
source = "registry+https://github.com/rust-lang/crates.io-index"
checksum = "21a8200930e2dbd515c231f7a46033bd6dfe1497a8e9a539878f0de8f0cd730b"
dependencies = [
 "proc-macro2",
 "quote",
 "syn",
]

[[package]]
name = "xtensa-lx-rt-proc-macros"
version = "0.1.0"
source = "git+https://github.com/esp-rs/xtensa-lx-rt/?branch=unify-xtensa-asm#290c831cbf569a0c8bb5e0174ef8f14c8dcc0878"
dependencies = [
 "proc-macro2",
 "quote",
 "syn",
]

[[package]]
name = "yansi"
version = "0.5.0"
source = "registry+https://github.com/rust-lang/crates.io-index"
checksum = "9fc79f4a1e39857fc00c3f662cbf2651c771f00e9c15fe2abc341806bd46bd71"
